
Microsoft Visual Studio Solution File, Format Version 12.00
# Visual Studio Version 17
VisualStudioVersion = 17.11.35222.181
MinimumVisualStudioVersion = 10.0.40219.1
Project("{9A19103F-16F7-4668-BE54-9A1E7A4F7556}") = "IO.Swagger", "src\IO.Swagger\IO.Swagger.csproj", "{C0E81761-42F3-4BA4-ABE6-7F288DDB1285}"
EndProject
Global
	GlobalSection(SolutionConfigurationPlatforms) = preSolution
		Debug|Any CPU = Debug|Any CPU
		Release|Any CPU = Release|Any CPU
	EndGlobalSection
	GlobalSection(ProjectConfigurationPlatforms) = postSolution
		{C0E81761-42F3-4BA4-ABE6-7F288DDB1285}.Debug|Any CPU.ActiveCfg = Debug|Any CPU
		{C0E81761-42F3-4BA4-ABE6-7F288DDB1285}.Debug|Any CPU.Build.0 = Debug|Any CPU
		{C0E81761-42F3-4BA4-ABE6-7F288DDB1285}.Release|Any CPU.ActiveCfg = Release|Any CPU
		{C0E81761-42F3-4BA4-ABE6-7F288DDB1285}.Release|Any CPU.Build.0 = Release|Any CPU
	EndGlobalSection
	GlobalSection(SolutionProperties) = preSolution
		HideSolutionNode = FALSE
	EndGlobalSection
	GlobalSection(ExtensibilityGlobals) = postSolution
		SolutionGuid = {7CA39074-0EBF-48FF-A82A-381843F17F88}
	EndGlobalSection
EndGlobal
